
Microsoft Visual Studio Solution File, Format Version 11.00
# Visual Studio 2010
Project("{FAE04EC0-301F-11D3-BF4B-00C04F79EFBC}") = "DDDBuildingManagement.ConsoleApp", "DDDBuildingManagement.ConsoleApp\DDDBuildingManagement.ConsoleApp.csproj", "{A066D4AD-EAEB-48B8-9F76-FE8B662B45F4}"
EndProject
Project("{FAE04EC0-301F-11D3-BF4B-00C04F79EFBC}") = "BuildingManagement.DomainModel", "BuildingManagement.DomainModel\BuildingManagement.DomainModel.csproj", "{32B8921B-E278-44E9-B505-50CCDDADB714}"
EndProject
Project("{FAE04EC0-301F-11D3-BF4B-00C04F79EFBC}") = "BuildingManagement.DomainModel.Tests", "BuildingManagement.DomainModel.Tests\BuildingManagement.DomainModel.Tests.csproj", "{240B3565-2039-476F-9B9F-70285BD3420A}"
EndProject
Project("{2150E333-8FDC-42A3-9474-1A3956D46DE8}") = ".nuget", ".nuget", "{F7F49FE4-BC90-4A3B-8671-F4BCDF4F18D3}"
	ProjectSection(SolutionItems) = preProject
		.nuget\NuGet.exe = .nuget\NuGet.exe
		.nuget\NuGet.targets = .nuget\NuGet.targets
	EndProjectSection
EndProject
Global
	GlobalSection(SolutionConfigurationPlatforms) = preSolution
		Debug|Any CPU = Debug|Any CPU
		Debug|Mixed Platforms = Debug|Mixed Platforms
		Debug|x86 = Debug|x86
		Release|Any CPU = Release|Any CPU
		Release|Mixed Platforms = Release|Mixed Platforms
		Release|x86 = Release|x86
	EndGlobalSection
	GlobalSection(ProjectConfigurationPlatforms) = postSolution
		{A066D4AD-EAEB-48B8-9F76-FE8B662B45F4}.Debug|Any CPU.ActiveCfg = Debug|x86
		{A066D4AD-EAEB-48B8-9F76-FE8B662B45F4}.Debug|Mixed Platforms.ActiveCfg = Debug|x86
		{A066D4AD-EAEB-48B8-9F76-FE8B662B45F4}.Debug|Mixed Platforms.Build.0 = Debug|x86
		{A066D4AD-EAEB-48B8-9F76-FE8B662B45F4}.Debug|x86.ActiveCfg = Debug|x86
		{A066D4AD-EAEB-48B8-9F76-FE8B662B45F4}.Debug|x86.Build.0 = Debug|x86
		{A066D4AD-EAEB-48B8-9F76-FE8B662B45F4}.Release|Any CPU.ActiveCfg = Release|x86
		{A066D4AD-EAEB-48B8-9F76-FE8B662B45F4}.Release|Mixed Platforms.ActiveCfg = Release|x86
		{A066D4AD-EAEB-48B8-9F76-FE8B662B45F4}.Release|Mixed Platforms.Build.0 = Release|x86
		{A066D4AD-EAEB-48B8-9F76-FE8B662B45F4}.Release|x86.ActiveCfg = Release|x86
		{A066D4AD-EAEB-48B8-9F76-FE8B662B45F4}.Release|x86.Build.0 = Release|x86
		{32B8921B-E278-44E9-B505-50CCDDADB714}.Debug|Any CPU.ActiveCfg = Debug|Any CPU
		{32B8921B-E278-44E9-B505-50CCDDADB714}.Debug|Any CPU.Build.0 = Debug|Any CPU
		{32B8921B-E278-44E9-B505-50CCDDADB714}.Debug|Mixed Platforms.ActiveCfg = Debug|Any CPU
		{32B8921B-E278-44E9-B505-50CCDDADB714}.Debug|Mixed Platforms.Build.0 = Debug|Any CPU
		{32B8921B-E278-44E9-B505-50CCDDADB714}.Debug|x86.ActiveCfg = Debug|Any CPU
		{32B8921B-E278-44E9-B505-50CCDDADB714}.Release|Any CPU.ActiveCfg = Release|Any CPU
		{32B8921B-E278-44E9-B505-50CCDDADB714}.Release|Any CPU.Build.0 = Release|Any CPU
		{32B8921B-E278-44E9-B505-50CCDDADB714}.Release|Mixed Platforms.ActiveCfg = Release|Any CPU
		{32B8921B-E278-44E9-B505-50CCDDADB714}.Release|Mixed Platforms.Build.0 = Release|Any CPU
		{32B8921B-E278-44E9-B505-50CCDDADB714}.Release|x86.ActiveCfg = Release|Any CPU
		{240B3565-2039-476F-9B9F-70285BD3420A}.Debug|Any CPU.ActiveCfg = Debug|Any CPU
		{240B3565-2039-476F-9B9F-70285BD3420A}.Debug|Any CPU.Build.0 = Debug|Any CPU
		{240B3565-2039-476F-9B9F-70285BD3420A}.Debug|Mixed Platforms.ActiveCfg = Debug|Any CPU
		{240B3565-2039-476F-9B9F-70285BD3420A}.Debug|Mixed Platforms.Build.0 = Debug|Any CPU
		{240B3565-2039-476F-9B9F-70285BD3420A}.Debug|x86.ActiveCfg = Debug|Any CPU
		{240B3565-2039-476F-9B9F-70285BD3420A}.Release|Any CPU.ActiveCfg = Release|Any CPU
		{240B3565-2039-476F-9B9F-70285BD3420A}.Release|Any CPU.Build.0 = Release|Any CPU
		{240B3565-2039-476F-9B9F-70285BD3420A}.Release|Mixed Platforms.ActiveCfg = Release|Any CPU
		{240B3565-2039-476F-9B9F-70285BD3420A}.Release|Mixed Platforms.Build.0 = Release|Any CPU
		{240B3565-2039-476F-9B9F-70285BD3420A}.Release|x86.ActiveCfg = Release|Any CPU
	EndGlobalSection
	GlobalSection(SolutionProperties) = preSolution
		HideSolutionNode = FALSE
	EndGlobalSection
EndGlobal
